{
  "name": "convergence-mxgraph-bindings",
  "version": "1.0.0",
  "lockfileVersion": 1,
  "requires": true,
  "dependencies": {
    "mxgraph": {
      "version": "3.9.11",
      "resolved": "https://registry.npmjs.org/mxgraph/-/mxgraph-3.9.11.tgz",
      "integrity": "sha512-R9w0NAB30DTMvB/DrPRxIOPhUsZ+45pCPhjnonOW9/pQrxgVj8JU9IzRRsViCG/cwsgWv+1p/pR8MGjI+dXB9Q=="
    }
  }
}
